
Microsoft Visual Studio Solution File, Format Version 12.00
# Visual Studio Version 17
VisualStudioVersion = 17.9.34622.214
MinimumVisualStudioVersion = 10.0.40219.1
Project("{9A19103F-16F7-4668-BE54-9A1E7A4F7556}") = "BanubaWrapperDemo", "csharp\BanubaWrapperDemo.csproj", "{F7304A0E-184B-4B81-8756-929FEB2B2B0F}"
EndProject
Project("{FAE04EC0-301F-11D3-BF4B-00C04F79EFBC}") = "WpfApp1", "WpfApp1\WpfApp1.csproj", "{FB96D99C-CD92-4107-B308-A2D16ECD7050}"
EndProject
Global
	GlobalSection(SolutionConfigurationPlatforms) = preSolution
		Debug|Any CPU = Debug|Any CPU
		Release|Any CPU = Release|Any CPU
	EndGlobalSection
	GlobalSection(ProjectConfigurationPlatforms) = postSolution
		{F7304A0E-184B-4B81-8756-929FEB2B2B0F}.Debug|Any CPU.ActiveCfg = Debug|Any CPU
		{F7304A0E-184B-4B81-8756-929FEB2B2B0F}.Debug|Any CPU.Build.0 = Debug|Any CPU
		{F7304A0E-184B-4B81-8756-929FEB2B2B0F}.Release|Any CPU.ActiveCfg = Release|Any CPU
		{F7304A0E-184B-4B81-8756-929FEB2B2B0F}.Release|Any CPU.Build.0 = Release|Any CPU
		{FB96D99C-CD92-4107-B308-A2D16ECD7050}.Debug|Any CPU.ActiveCfg = Debug|Any CPU
		{FB96D99C-CD92-4107-B308-A2D16ECD7050}.Debug|Any CPU.Build.0 = Debug|Any CPU
		{FB96D99C-CD92-4107-B308-A2D16ECD7050}.Release|Any CPU.ActiveCfg = Release|Any CPU
		{FB96D99C-CD92-4107-B308-A2D16ECD7050}.Release|Any CPU.Build.0 = Release|Any CPU
	EndGlobalSection
	GlobalSection(SolutionProperties) = preSolution
		HideSolutionNode = FALSE
	EndGlobalSection
	GlobalSection(ExtensibilityGlobals) = postSolution
		SolutionGuid = {EE0E2076-B689-43E0-BD06-4DD7AFB87DC8}
	EndGlobalSection
EndGlobal
